
Microsoft Visual Studio Solution File, Format Version 12.00
# Visual Studio 15
VisualStudioVersion = 15.0.27130.2027
MinimumVisualStudioVersion = 10.0.40219.1
Project("{FAE04EC0-301F-11D3-BF4B-00C04F79EFBC}") = "Experiment", "Experiment\Experiment.csproj", "{21F35B2C-22CE-4681-A2BD-E8FA8D357111}"
EndProject
Project("{FAE04EC0-301F-11D3-BF4B-00C04F79EFBC}") = "Deanor", "Deanor\Deanor.csproj", "{7A7675F3-DF0E-411C-9BB6-FB419D95DB33}"
EndProject
Global
	GlobalSection(SolutionConfigurationPlatforms) = preSolution
		Debug|Any CPU = Debug|Any CPU
		Release|Any CPU = Release|Any CPU
	EndGlobalSection
	GlobalSection(ProjectConfigurationPlatforms) = postSolution
		{21F35B2C-22CE-4681-A2BD-E8FA8D357111}.Debug|Any CPU.ActiveCfg = Debug|Any CPU
		{21F35B2C-22CE-4681-A2BD-E8FA8D357111}.Debug|Any CPU.Build.0 = Debug|Any CPU
		{21F35B2C-22CE-4681-A2BD-E8FA8D357111}.Release|Any CPU.ActiveCfg = Release|Any CPU
		{21F35B2C-22CE-4681-A2BD-E8FA8D357111}.Release|Any CPU.Build.0 = Release|Any CPU
		{7A7675F3-DF0E-411C-9BB6-FB419D95DB33}.Debug|Any CPU.ActiveCfg = Debug|Any CPU
		{7A7675F3-DF0E-411C-9BB6-FB419D95DB33}.Debug|Any CPU.Build.0 = Debug|Any CPU
		{7A7675F3-DF0E-411C-9BB6-FB419D95DB33}.Release|Any CPU.ActiveCfg = Release|Any CPU
		{7A7675F3-DF0E-411C-9BB6-FB419D95DB33}.Release|Any CPU.Build.0 = Release|Any CPU
	EndGlobalSection
	GlobalSection(SolutionProperties) = preSolution
		HideSolutionNode = FALSE
	EndGlobalSection
	GlobalSection(ExtensibilityGlobals) = postSolution
		SolutionGuid = {592C49AF-BE2E-4D5E-8875-BAE4351F20CC}
	EndGlobalSection
EndGlobal
